
Microsoft Visual Studio Solution File, Format Version 12.00
# Visual Studio 15
VisualStudioVersion = 15.0.27428.2027
MinimumVisualStudioVersion = 10.0.40219.1
Project("{FAE04EC0-301F-11D3-BF4B-00C04F79EFBC}") = "Blog", "Blog\Blog.csproj", "{EFA34EB2-AD1D-4355-921C-1DA6E0B18D95}"
EndProject
Global
	GlobalSection(SolutionConfigurationPlatforms) = preSolution
		Debug|Any CPU = Debug|Any CPU
		Release|Any CPU = Release|Any CPU
	EndGlobalSection
	GlobalSection(ProjectConfigurationPlatforms) = postSolution
		{EFA34EB2-AD1D-4355-921C-1DA6E0B18D95}.Debug|Any CPU.ActiveCfg = Debug|Any CPU
		{EFA34EB2-AD1D-4355-921C-1DA6E0B18D95}.Debug|Any CPU.Build.0 = Debug|Any CPU
		{EFA34EB2-AD1D-4355-921C-1DA6E0B18D95}.Release|Any CPU.ActiveCfg = Release|Any CPU
		{EFA34EB2-AD1D-4355-921C-1DA6E0B18D95}.Release|Any CPU.Build.0 = Release|Any CPU
	EndGlobalSection
	GlobalSection(SolutionProperties) = preSolution
		HideSolutionNode = FALSE
	EndGlobalSection
	GlobalSection(ExtensibilityGlobals) = postSolution
		SolutionGuid = {2CBEB1A6-8BE7-492C-8D91-820D03043AC0}
	EndGlobalSection
EndGlobal
